<?xml version="1.0" encoding="utf-8"?>
<Project ToolsVersion="4.0" xmlns="http://schemas.microsoft.com/developer/msbuild/2003">
  <ItemGroup>
    <Filter Include="Source Files">
      <UniqueIdentifier>{4FC737F1-C7A5-4376-A066-2A32D752A2FF}</UniqueIdentifier>
      <Extensions>cpp;c;cc;cxx;def;odl;idl;hpj;bat;asm;asmx</Extensions>
    </Filter>
    <Filter Include="Header Files">
      <UniqueIdentifier>{93995380-89BD-4b04-88EB-625FBE52EBFB}</UniqueIdentifier>
      <Extensions>h;hpp;hxx;hm;inl;inc;xsd</Extensions>
    </Filter>
    <Filter Include="Resource Files">
      <UniqueIdentifier>{67DA6AB6-F800-4c08-8B7A-83BB121AAD01}</UniqueIdentifier>
      <Extensions>rc;ico;cur;bmp;dlg;rc2;rct;bin;rgs;gif;jpg;jpeg;jpe;resx;tiff;tif;png;wav;mfcribbon-ms</Extensions>
    </Filter>
    <Filter Include="Sqlite">
      <UniqueIdentifier>{7deb2dee-b336-4ab7-9464-2555bd2fdfea}</UniqueIdentifier>
    </Filter>
  </ItemGroup>
  <ItemGroup>
    <None Include="ReadMe.txt" />
    <None Include="small.ico">
      <Filter>Resource Files</Filter>
    </None>
    <None Include="SqliteExtract.ico">
      <Filter>Resource Files</Filter>
    </None>
  </ItemGroup>
  <ItemGroup>
    <ClInclude Include="stdafx.h">
      <Filter>Header Files</Filter>
    </ClInclude>
    <ClInclude Include="targetver.h">
      <Filter>Header Files</Filter>
    </ClInclude>
    <ClInclude Include="Resource.h">
      <Filter>Header Files</Filter>
    </ClInclude>
    <ClInclude Include="SqliteExtract.h">
      <Filter>Header Files</Filter>
    </ClInclude>
    <ClInclude Include="SqliteExtractTool.h">
      <Filter>Header Files</Filter>
    </ClInclude>
    <ClInclude Include="TableInfo.h">
      <Filter>Header Files</Filter>
    </ClInclude>
    <ClInclude Include="..\Sqlite\DbService.h">
      <Filter>Sqlite</Filter>
    </ClInclude>
    <ClInclude Include="..\Sqlite\LookupDataCallBack.h">
      <Filter>Sqlite</Filter>
    </ClInclude>
    <ClInclude Include="..\Sqlite\MutexLock.h">
      <Filter>Sqlite</Filter>
    </ClInclude>
    <ClInclude Include="..\Sqlite\sqlite3.h">
      <Filter>Sqlite</Filter>
    </ClInclude>
    <ClInclude Include="..\Sqlite\TableUtil.h">
      <Filter>Sqlite</Filter>
    </ClInclude>
    <ClInclude Include="..\Sqlite\TSqlOperate.h">
      <Filter>Sqlite</Filter>
    </ClInclude>
    <ClInclude Include="StringUtil.h">
      <Filter>Header Files</Filter>
    </ClInclude>
  </ItemGroup>
  <ItemGroup>
    <ClCompile Include="stdafx.cpp">
      <Filter>Source Files</Filter>
    </ClCompile>
    <ClCompile Include="SqliteExtract.cpp">
      <Filter>Source Files</Filter>
    </ClCompile>
    <ClCompile Include="SqliteExtractTool.cpp">
      <Filter>Source Files</Filter>
    </ClCompile>
    <ClCompile Include="TableInfo.cpp">
      <Filter>Source Files</Filter>
    </ClCompile>
    <ClCompile Include="..\Sqlite\DbService.cpp">
      <Filter>Sqlite</Filter>
    </ClCompile>
    <ClCompile Include="..\Sqlite\LookupDataCallBack.cpp">
      <Filter>Sqlite</Filter>
    </ClCompile>
    <ClCompile Include="..\Sqlite\MutexLock.cpp">
      <Filter>Sqlite</Filter>
    </ClCompile>
    <ClCompile Include="..\Sqlite\sqlite3.c">
      <Filter>Sqlite</Filter>
    </ClCompile>
    <ClCompile Include="..\Sqlite\TableUtil.cpp">
      <Filter>Sqlite</Filter>
    </ClCompile>
    <ClCompile Include="StringUtil.cpp">
      <Filter>Source Files</Filter>
    </ClCompile>
  </ItemGroup>
  <ItemGroup>
    <ResourceCompile Include="SqliteExtract.rc">
      <Filter>Resource Files</Filter>
    </ResourceCompile>
  </ItemGroup>
</Project>